Microsoft Visual Studio Solution File, Format Version 12.00
# Visual Studio Version 17
VisualStudioVersion = 17.13.35913.81
MinimumVisualStudioVersion = 10.0.40219.1
Project("{FAE04EC0-301F-11D3-BF4B-00C04F79EFBC}") = "MunicipalityManagementSystem", "MunicipalityManagementSystem\MunicipalityManagementSystem.csproj", "{821CA9F2-EFC9-4AF6-9D87-0A29943D007B}"
EndProject
Global
	GlobalSection(SolutionConfigurationPlatforms) = preSolution
		Debug|Any CPU = Debug|Any CPU
		Release|Any CPU = Release|Any CPU
	EndGlobalSection
	GlobalSection(ProjectConfigurationPlatforms) = postSolution
		{821CA9F2-EFC9-4AF6-9D87-0A29943D007B}.Debug|Any CPU.ActiveCfg = Debug|Any CPU
		{821CA9F2-EFC9-4AF6-9D87-0A29943D007B}.Debug|Any CPU.Build.0 = Debug|Any CPU
		{821CA9F2-EFC9-4AF6-9D87-0A29943D007B}.Release|Any CPU.ActiveCfg = Release|Any CPU
		{821CA9F2-EFC9-4AF6-9D87-0A29943D007B}.Release|Any CPU.Build.0 = Release|Any CPU
	EndGlobalSection
	GlobalSection(SolutionProperties) = preSolution
		HideSolutionNode = FALSE
	EndGlobalSection
	GlobalSection(ExtensibilityGlobals) = postSolution
		SolutionGuid = {BA041241-A63B-4921-8393-33EC7F5E6E06}
	EndGlobalSection
EndGlobal
